# This file is autogenerated, do not edit; changes may be undone by the next 'dep ensure'.


[[projects]]
  branch = "master"
  digest = "1:86d119ee8a0fb122f2d0e0fbbbd5d2f65953029248743462ee3908a21ae04247"
  name = "github.com/andreyvit/diff"
  packages = ["."]
  pruneopts = "UT"
  revision = "c7f18ee00883bfd3b00e0a2bf7607827e0148ad4"

[[projects]]
  digest = "1:76dc72490af7174349349838f2fe118996381b31ea83243812a97e5a0fd5ed55"
  name = "github.com/dgrijalva/jwt-go"
  packages = ["."]
  pruneopts = "UT"
  revision = "06ea1031745cb8b3dab3f6a236daf2b0aa468b7e"
  version = "v3.2.0"

[[projects]]
  digest = "1:ebdeb808fe6861df1eaa262006a879bdbed826dd51c343bd5e681045e194997c"
  name = "github.com/google/logger"
  packages = ["."]
  pruneopts = "UT"
  revision = "7047ffcb7339f3f59be32de74a92217cb17cb40c"
  version = "v1.0.1"

[[projects]]
  digest = "1:c79fb010be38a59d657c48c6ba1d003a8aa651fa56b579d959d74573b7dff8e1"
  name = "github.com/gorilla/context"
  packages = ["."]
  pruneopts = "UT"
  revision = "08b5f424b9271eedf6f9f0ce86cb9396ed337a42"
  version = "v1.1.1"

[[projects]]
  digest = "1:d5f97fc268267ec1b61c3453058c738246fc3e746f14b1ae25161513b7367b0c"
  name = "github.com/gorilla/mux"
  packages = ["."]
  pruneopts = "UT"
  revision = "c5c6c98bc25355028a63748a498942a6398ccd22"
  version = "v1.7.1"

[[projects]]
  digest = "1:ecd9aa82687cf31d1585d4ac61d0ba180e42e8a6182b85bd785fcca8dfeefc1b"
  name = "github.com/joho/godotenv"
  packages = ["."]
  pruneopts = "UT"
  revision = "23d116af351c84513e1946b527c88823e476be13"
  version = "v1.3.0"

[[projects]]
  branch = "master"
  digest = "1:e74fa8e635591eb1ad79e8e711bff8bea4e12e9737563daf12af325c6ea206e4"
  name = "github.com/justinas/alice"
  packages = ["."]
  pruneopts = "UT"
  revision = "03f45bd4b7dad4734bc4620e46a35789349abb20"

[[projects]]
  digest = "1:ca955a9cd5b50b0f43d2cc3aeb35c951473eeca41b34eb67507f1dbcc0542394"
  name = "github.com/kr/pretty"
  packages = ["."]
  pruneopts = "UT"
  revision = "73f6ac0b30a98e433b289500d779f50c1a6f0712"
  version = "v0.1.0"

[[projects]]
  digest = "1:15b5cc79aad436d47019f814fde81a10221c740dc8ddf769221a65097fb6c2e9"
  name = "github.com/kr/text"
  packages = ["."]
  pruneopts = "UT"
  revision = "e2ffdb16a802fe2bb95e2e35ff34f0e53aeef34f"
  version = "v0.1.0"

[[projects]]
  digest = "1:8ef506fc2bb9ced9b151dafa592d4046063d744c646c1bbe801982ce87e4bc24"
  name = "github.com/lib/pq"
  packages = [
    ".",
    "oid",
  ]
  pruneopts = "UT"
  revision = "4ded0e9383f75c197b3a2aaa6d590ac52df6fd79"
  version = "v1.0.0"

[[projects]]
  digest = "1:d917313f309bda80d27274d53985bc65651f81a5b66b820749ac7f8ef061fd04"
  name = "github.com/sergi/go-diff"
  packages = ["diffmatchpatch"]
  pruneopts = "UT"
  revision = "1744e2970ca51c86172c8190fadad617561ed6e7"
  version = "v1.0.0"

[[projects]]
  branch = "master"
  digest = "1:367c06b4431b59a8b0276786182b901ef60ff06f0221f5ed27110fa9768ad72a"
  name = "golang.org/x/sys"
  packages = [
    "windows",
    "windows/registry",
    "windows/svc/eventlog",
  ]
  pruneopts = "UT"
  revision = "0ad05ae3009d6413d3363aa09b350b2ec37daf09"

[[projects]]
  digest = "1:a4b04b5314d49a67ad022fa7693453ee2b823ab99314f52fa3930ed31085dfef"
  name = "gopkg.in/guregu/null.v3"
  packages = ["."]
  pruneopts = "UT"
  revision = "80515d440932108546bcade467bb7d6968e812e2"
  version = "v3.4.0"

[solve-meta]
  analyzer-name = "dep"
  analyzer-version = 1
  input-imports = [
    "github.com/andreyvit/diff",
    "github.com/dgrijalva/jwt-go",
    "github.com/google/logger",
    "github.com/gorilla/context",
    "github.com/gorilla/mux",
    "github.com/joho/godotenv",
    "github.com/justinas/alice",
    "github.com/kr/pretty",
    "github.com/lib/pq",
    "gopkg.in/guregu/null.v3",
  ]
  solver-name = "gps-cdcl"
  solver-version = 1
